
Microsoft Visual Studio Solution File, Format Version 12.00
# Visual Studio Version 16
VisualStudioVersion = 16.0.33801.447
MinimumVisualStudioVersion = 10.0.40219.1
Project("{FAE04EC0-301F-11D3-BF4B-00C04F79EFBC}") = "DataProviders", "DataProviders\DataProviders.csproj", "{62640A58-F06D-469B-9C10-BC4250BAC59B}"
EndProject
Project("{FAE04EC0-301F-11D3-BF4B-00C04F79EFBC}") = "DSCore", "DSCore\DSCore.csproj", "{C0D4B07B-5A4B-470A-8D12-C8492FAEB4DD}"
EndProject
Project("{FAE04EC0-301F-11D3-BF4B-00C04F79EFBC}") = "ConsoleApp", "ConsoleApp\ConsoleApp.csproj", "{DA61C3FD-A5F4-455C-926E-6C4BCD4AC0E3}"
EndProject
Global
	GlobalSection(SolutionConfigurationPlatforms) = preSolution
		Debug|Any CPU = Debug|Any CPU
		Release|Any CPU = Release|Any CPU
	EndGlobalSection
	GlobalSection(ProjectConfigurationPlatforms) = postSolution
		{62640A58-F06D-469B-9C10-BC4250BAC59B}.Debug|Any CPU.ActiveCfg = Debug|Any CPU
		{62640A58-F06D-469B-9C10-BC4250BAC59B}.Debug|Any CPU.Build.0 = Debug|Any CPU
		{62640A58-F06D-469B-9C10-BC4250BAC59B}.Release|Any CPU.ActiveCfg = Release|Any CPU
		{62640A58-F06D-469B-9C10-BC4250BAC59B}.Release|Any CPU.Build.0 = Release|Any CPU
		{C0D4B07B-5A4B-470A-8D12-C8492FAEB4DD}.Debug|Any CPU.ActiveCfg = Debug|Any CPU
		{C0D4B07B-5A4B-470A-8D12-C8492FAEB4DD}.Debug|Any CPU.Build.0 = Debug|Any CPU
		{C0D4B07B-5A4B-470A-8D12-C8492FAEB4DD}.Release|Any CPU.ActiveCfg = Release|Any CPU
		{C0D4B07B-5A4B-470A-8D12-C8492FAEB4DD}.Release|Any CPU.Build.0 = Release|Any CPU
		{DA61C3FD-A5F4-455C-926E-6C4BCD4AC0E3}.Debug|Any CPU.ActiveCfg = Debug|Any CPU
		{DA61C3FD-A5F4-455C-926E-6C4BCD4AC0E3}.Debug|Any CPU.Build.0 = Debug|Any CPU
		{DA61C3FD-A5F4-455C-926E-6C4BCD4AC0E3}.Release|Any CPU.ActiveCfg = Release|Any CPU
		{DA61C3FD-A5F4-455C-926E-6C4BCD4AC0E3}.Release|Any CPU.Build.0 = Release|Any CPU
	EndGlobalSection
	GlobalSection(SolutionProperties) = preSolution
		HideSolutionNode = FALSE
	EndGlobalSection
	GlobalSection(ExtensibilityGlobals) = postSolution
		SolutionGuid = {A4A7BD83-72EB-4F7E-BC15-C10FFE544D20}
	EndGlobalSection
EndGlobal
